// !$*UTF8*$!
{
	archiveVersion = 1;
	classes = {
	};
	objectVersion = 50;
	objects = {

/* Begin PBXBuildFile section */
		14401FEC23517C0C0043A025 /* AppDelegate.m in Sources */ = {isa = PBXBuildFile; fileRef = 14401FEB23517C0C0043A025 /* AppDelegate.m */; };
		14401FF523517C0C0043A025 /* Main.storyboard in Resources */ = {isa = PBXBuildFile; fileRef = 14401FF323517C0C0043A025 /* Main.storyboard */; };
		14401FF723517C0F0043A025 /* Assets.xcassets in Resources */ = {isa = PBXBuildFile; fileRef = 14401FF623517C0F0043A025 /* Assets.xcassets */; };
		14401FFA23517C0F0043A025 /* LaunchScreen.storyboard in Resources */ = {isa = PBXBuildFile; fileRef = 14401FF823517C0F0043A025 /* LaunchScreen.storyboard */; };
		14401FFD23517C0F0043A025 /* main.m in Sources */ = {isa = PBXBuildFile; fileRef = 14401FFC23517C0F0043A025 /* main.m */; };
		1440200723517C100043A025 /* BWTTests.m in Sources */ = {isa = PBXBuildFile; fileRef = 1440200623517C100043A025 /* BWTTests.m */; };
		1440201223517C100043A025 /* BWTUITests.m in Sources */ = {isa = PBXBuildFile; fileRef = 1440201123517C100043A025 /* BWTUITests.m */; };
		1440202223517E280043A025 /* BWTTabBarController.m in Sources */ = {isa = PBXBuildFile; fileRef = 1440202123517E280043A025 /* BWTTabBarController.m */; };
		1440202523517E410043A025 /* BWTNavigationController.m in Sources */ = {isa = PBXBuildFile; fileRef = 1440202423517E410043A025 /* BWTNavigationController.m */; };
		1440202823518E320043A025 /* HomeVC.m in Sources */ = {isa = PBXBuildFile; fileRef = 1440202723518E320043A025 /* HomeVC.m */; };
		4BF1BAD7E1B1E0E861C68552 /* libPods-BWT.a in Frameworks */ = {isa = PBXBuildFile; fileRef = 3FD68DBF292D2C803A87ABC5 /* libPods-BWT.a */; };
/* End PBXBuildFile section */

/* Begin PBXContainerItemProxy section */
		1440200323517C100043A025 /* PBXContainerItemProxy */ = {
			isa = PBXContainerItemProxy;
			containerPortal = 14401FDF23517C0C0043A025 /* Project object */;
			proxyType = 1;
			remoteGlobalIDString = 14401FE623517C0C0043A025;
			remoteInfo = BWT;
		};
		1440200E23517C100043A025 /* PBXContainerItemProxy */ = {
			isa = PBXContainerItemProxy;
			containerPortal = 14401FDF23517C0C0043A025 /* Project object */;
			proxyType = 1;
			remoteGlobalIDString = 14401FE623517C0C0043A025;
			remoteInfo = BWT;
		};
/* End PBXContainerItemProxy section */

/* Begin PBXFileReference section */
		14401FE723517C0C0043A025 /* 别无他店.app */ = {isa = PBXFileReference; explicitFileType = wrapper.application; includeInIndex = 0; path = "别无他店.app"; sourceTree = BUILT_PRODUCTS_DIR; };
		14401FEA23517C0C0043A025 /* AppDelegate.h */ = {isa = PBXFileReference; lastKnownFileType = sourcecode.c.h; path = AppDelegate.h; sourceTree = "<group>"; };
		14401FEB23517C0C0043A025 /* AppDelegate.m */ = {isa = PBXFileReference; lastKnownFileType = sourcecode.c.objc; path = AppDelegate.m; sourceTree = "<group>"; };
		14401FF423517C0C0043A025 /* Base */ = {isa = PBXFileReference; lastKnownFileType = file.storyboard; name = Base; path = Base.lproj/Main.storyboard; sourceTree = "<group>"; };
		14401FF623517C0F0043A025 /* Assets.xcassets */ = {isa = PBXFileReference; lastKnownFileType = folder.assetcatalog; path = Assets.xcassets; sourceTree = "<group>"; };
		14401FF923517C0F0043A025 /* Base */ = {isa = PBXFileReference; lastKnownFileType = file.storyboard; name = Base; path = Base.lproj/LaunchScreen.storyboard; sourceTree = "<group>"; };
		14401FFB23517C0F0043A025 /* Info.plist */ = {isa = PBXFileReference; lastKnownFileType = text.plist.xml; path = Info.plist; sourceTree = "<group>"; };
		14401FFC23517C0F0043A025 /* main.m */ = {isa = PBXFileReference; lastKnownFileType = sourcecode.c.objc; path = main.m; sourceTree = "<group>"; };
		1440200223517C100043A025 /* BWTTests.xctest */ = {isa = PBXFileReference; explicitFileType = wrapper.cfbundle; includeInIndex = 0; path = BWTTests.xctest; sourceTree = BUILT_PRODUCTS_DIR; };
		1440200623517C100043A025 /* BWTTests.m */ = {isa = PBXFileReference; lastKnownFileType = sourcecode.c.objc; path = BWTTests.m; sourceTree = "<group>"; };
		1440200823517C100043A025 /* Info.plist */ = {isa = PBXFileReference; lastKnownFileType = text.plist.xml; path = Info.plist; sourceTree = "<group>"; };
		1440200D23517C100043A025 /* BWTUITests.xctest */ = {isa = PBXFileReference; explicitFileType = wrapper.cfbundle; includeInIndex = 0; path = BWTUITests.xctest; sourceTree = BUILT_PRODUCTS_DIR; };
		1440201123517C100043A025 /* BWTUITests.m */ = {isa = PBXFileReference; lastKnownFileType = sourcecode.c.objc; path = BWTUITests.m; sourceTree = "<group>"; };
		1440201323517C100043A025 /* Info.plist */ = {isa = PBXFileReference; lastKnownFileType = text.plist.xml; path = Info.plist; sourceTree = "<group>"; };
		1440202023517E280043A025 /* BWTTabBarController.h */ = {isa = PBXFileReference; lastKnownFileType = sourcecode.c.h; name = BWTTabBarController.h; path = ../../common/BWTTabBarController.h; sourceTree = "<group>"; };
		1440202123517E280043A025 /* BWTTabBarController.m */ = {isa = PBXFileReference; lastKnownFileType = sourcecode.c.objc; name = BWTTabBarController.m; path = ../../common/BWTTabBarController.m; sourceTree = "<group>"; };
		1440202323517E410043A025 /* BWTNavigationController.h */ = {isa = PBXFileReference; lastKnownFileType = sourcecode.c.h; name = BWTNavigationController.h; path = ../../common/BWTNavigationController.h; sourceTree = "<group>"; };
		1440202423517E410043A025 /* BWTNavigationController.m */ = {isa = PBXFileReference; lastKnownFileType = sourcecode.c.objc; name = BWTNavigationController.m; path = ../../common/BWTNavigationController.m; sourceTree = "<group>"; };
		1440202623518E320043A025 /* HomeVC.h */ = {isa = PBXFileReference; lastKnownFileType = sourcecode.c.h; path = HomeVC.h; sourceTree = "<group>"; };
		1440202723518E320043A025 /* HomeVC.m */ = {isa = PBXFileReference; lastKnownFileType = sourcecode.c.objc; path = HomeVC.m; sourceTree = "<group>"; };
		3FD68DBF292D2C803A87ABC5 /* libPods-BWT.a */ = {isa = PBXFileReference; explicitFileType = archive.ar; includeInIndex = 0; path = "libPods-BWT.a"; sourceTree = BUILT_PRODUCTS_DIR; };
		6BDF5E40111B99B732046F16 /* Pods-BWT.release.xcconfig */ = {isa = PBXFileReference; includeInIndex = 1; lastKnownFileType = text.xcconfig; name = "Pods-BWT.release.xcconfig"; path = "Target Support Files/Pods-BWT/Pods-BWT.release.xcconfig"; sourceTree = "<group>"; };
		7EFA075823AC103B3A0553C2 /* Pods-BWT.debug.xcconfig */ = {isa = PBXFileReference; includeInIndex = 1; lastKnownFileType = text.xcconfig; name = "Pods-BWT.debug.xcconfig"; path = "Target Support Files/Pods-BWT/Pods-BWT.debug.xcconfig"; sourceTree = "<group>"; };
/* End PBXFileReference section */

/* Begin PBXFrameworksBuildPhase section */
		14401FE423517C0C0043A025 /* Frameworks */ = {
			isa = PBXFrameworksBuildPhase;
			buildActionMask = 2147483647;
			files = (
				4BF1BAD7E1B1E0E861C68552 /* libPods-BWT.a in Frameworks */,
			);
			runOnlyForDeploymentPostprocessing = 0;
		};
		14401FFF23517C100043A025 /* Frameworks */ = {
			isa = PBXFrameworksBuildPhase;
			buildActionMask = 2147483647;
			files = (
			);
			runOnlyForDeploymentPostprocessing = 0;
		};
		1440200A23517C100043A025 /* Frameworks */ = {
			isa = PBXFrameworksBuildPhase;
			buildActionMask = 2147483647;
			files = (
			);
			runOnlyForDeploymentPostprocessing = 0;
		};
/* End PBXFrameworksBuildPhase section */

/* Begin PBXGroup section */
		1416BD722352D282003F667B /* Classes */ = {
			isa = PBXGroup;
			children = (
				1416BD732352D282003F667B /* Controller */,
				1416BD742352D282003F667B /* Common */,
			);
			path = Classes;
			sourceTree = "<group>";
		};
		1416BD732352D282003F667B /* Controller */ = {
			isa = PBXGroup;
			children = (
				1440202023517E280043A025 /* BWTTabBarController.h */,
				1440202123517E280043A025 /* BWTTabBarController.m */,
				1440202323517E410043A025 /* BWTNavigationController.h */,
				1440202423517E410043A025 /* BWTNavigationController.m */,
			);
			path = Controller;
			sourceTree = "<group>";
		};
		1416BD742352D282003F667B /* Common */ = {
			isa = PBXGroup;
			children = (
			);
			path = Common;
			sourceTree = "<group>";
		};
		14401FDE23517C0C0043A025 = {
			isa = PBXGroup;
			children = (
				14401FE923517C0C0043A025 /* BWT */,
				1440200523517C100043A025 /* BWTTests */,
				1440201023517C100043A025 /* BWTUITests */,
				14401FE823517C0C0043A025 /* Products */,
				582B5BB230F2492B7C48FB99 /* Pods */,
				3820CFEF7524657EB403748D /* Frameworks */,
			);
			sourceTree = "<group>";
		};
		14401FE823517C0C0043A025 /* Products */ = {
			isa = PBXGroup;
			children = (
				14401FE723517C0C0043A025 /* 别无他店.app */,
				1440200223517C100043A025 /* BWTTests.xctest */,
				1440200D23517C100043A025 /* BWTUITests.xctest */,
			);
			name = Products;
			sourceTree = "<group>";
		};
		14401FE923517C0C0043A025 /* BWT */ = {
			isa = PBXGroup;
			children = (
				1416BD722352D282003F667B /* Classes */,
				14401FEA23517C0C0043A025 /* AppDelegate.h */,
				14401FEB23517C0C0043A025 /* AppDelegate.m */,
				1440202623518E320043A025 /* HomeVC.h */,
				1440202723518E320043A025 /* HomeVC.m */,
				14401FF323517C0C0043A025 /* Main.storyboard */,
				14401FF623517C0F0043A025 /* Assets.xcassets */,
				14401FF823517C0F0043A025 /* LaunchScreen.storyboard */,
				14401FFB23517C0F0043A025 /* Info.plist */,
				14401FFC23517C0F0043A025 /* main.m */,
			);
			path = BWT;
			sourceTree = "<group>";
		};
		1440200523517C100043A025 /* BWTTests */ = {
			isa = PBXGroup;
			children = (
				1440200623517C100043A025 /* BWTTests.m */,
				1440200823517C100043A025 /* Info.plist */,
			);
			path = BWTTests;
			sourceTree = "<group>";
		};
		1440201023517C100043A025 /* BWTUITests */ = {
			isa = PBXGroup;
			children = (
				1440201123517C100043A025 /* BWTUITests.m */,
				1440201323517C100043A025 /* Info.plist */,
			);
			path = BWTUITests;
			sourceTree = "<group>";
		};
		3820CFEF7524657EB403748D /* Frameworks */ = {
			isa = PBXGroup;
			children = (
				3FD68DBF292D2C803A87ABC5 /* libPods-BWT.a */,
			);
			name = Frameworks;
			sourceTree = "<group>";
		};
		582B5BB230F2492B7C48FB99 /* Pods */ = {
			isa = PBXGroup;
			children = (
				7EFA075823AC103B3A0553C2 /* Pods-BWT.debug.xcconfig */,
				6BDF5E40111B99B732046F16 /* Pods-BWT.release.xcconfig */,
			);
			path = Pods;
			sourceTree = "<group>";
		};
/* End PBXGroup section */

/* Begin PBXNativeTarget section */
		14401FE623517C0C0043A025 /* BWT */ = {
			isa = PBXNativeTarget;
			buildConfigurationList = 1440201623517C100043A025 /* Build configuration list for PBXNativeTarget "BWT" */;
			buildPhases = (
				4DA71BB6D9FEDE12547E637E /* [CP] Check Pods Manifest.lock */,
				14401FE323517C0C0043A025 /* Sources */,
				14401FE423517C0C0043A025 /* Frameworks */,
				14401FE523517C0C0043A025 /* Resources */,
			);
			buildRules = (
			);
			dependencies = (
			);
			name = BWT;
			productName = BWT;
			productReference = 14401FE723517C0C0043A025 /* 别无他店.app */;
			productType = "com.apple.product-type.application";
		};
		1440200123517C100043A025 /* BWTTests */ = {
			isa = PBXNativeTarget;
			buildConfigurationList = 1440201923517C100043A025 /* Build configuration list for PBXNativeTarget "BWTTests" */;
			buildPhases = (
				14401FFE23517C100043A025 /* Sources */,
				14401FFF23517C100043A025 /* Frameworks */,
				1440200023517C100043A025 /* Resources */,
			);
			buildRules = (
			);
			dependencies = (
				1440200423517C100043A025 /* PBXTargetDependency */,
			);
			name = BWTTests;
			productName = BWTTests;
			productReference = 1440200223517C100043A025 /* BWTTests.xctest */;
			productType = "com.apple.product-type.bundle.unit-test";
		};
		1440200C23517C100043A025 /* BWTUITests */ = {
			isa = PBXNativeTarget;
			buildConfigurationList = 1440201C23517C100043A025 /* Build configuration list for PBXNativeTarget "BWTUITests" */;
			buildPhases = (
				1440200923517C100043A025 /* Sources */,
				1440200A23517C100043A025 /* Frameworks */,
				1440200B23517C100043A025 /* Resources */,
			);
			buildRules = (
			);
			dependencies = (
				1440200F23517C100043A025 /* PBXTargetDependency */,
			);
			name = BWTUITests;
			productName = BWTUITests;
			productReference = 1440200D23517C100043A025 /* BWTUITests.xctest */;
			productType = "com.apple.product-type.bundle.ui-testing";
		};
/* End PBXNativeTarget section */

/* Begin PBXProject section */
		14401FDF23517C0C0043A025 /* Project object */ = {
			isa = PBXProject;
			attributes = {
				LastUpgradeCheck = 1110;
				ORGANIZATIONNAME = Miridescent;
				TargetAttributes = {
					14401FE623517C0C0043A025 = {
						CreatedOnToolsVersion = 11.1;
					};
					1440200123517C100043A025 = {
						CreatedOnToolsVersion = 11.1;
						TestTargetID = 14401FE623517C0C0043A025;
					};
					1440200C23517C100043A025 = {
						CreatedOnToolsVersion = 11.1;
						TestTargetID = 14401FE623517C0C0043A025;
					};
				};
			};
			buildConfigurationList = 14401FE223517C0C0043A025 /* Build configuration list for PBXProject "BWT" */;
			compatibilityVersion = "Xcode 9.3";
			developmentRegion = en;
			hasScannedForEncodings = 0;
			knownRegions = (
				en,
				Base,
			);
			mainGroup = 14401FDE23517C0C0043A025;
			productRefGroup = 14401FE823517C0C0043A025 /* Products */;
			projectDirPath = "";
			projectRoot = "";
			targets = (
				14401FE623517C0C0043A025 /* BWT */,
				1440200123517C100043A025 /* BWTTests */,
				1440200C23517C100043A025 /* BWTUITests */,
			);
		};
/* End PBXProject section */

/* Begin PBXResourcesBuildPhase section */
		14401FE523517C0C0043A025 /* Resources */ = {
			isa = PBXResourcesBuildPhase;
			buildActionMask = 2147483647;
			files = (
				14401FFA23517C0F0043A025 /* LaunchScreen.storyboard in Resources */,
				14401FF723517C0F0043A025 /* Assets.xcassets in Resources */,
				14401FF523517C0C0043A025 /* Main.storyboard in Resources */,
			);
			runOnlyForDeploymentPostprocessing = 0;
		};
		1440200023517C100043A025 /* Resources */ = {
			isa = PBXResourcesBuildPhase;
			buildActionMask = 2147483647;
			files = (
			);
			runOnlyForDeploymentPostprocessing = 0;
		};
		1440200B23517C100043A025 /* Resources */ = {
			isa = PBXResourcesBuildPhase;
			buildActionMask = 2147483647;
			files = (
			);
			runOnlyForDeploymentPostprocessing = 0;
		};
/* End PBXResourcesBuildPhase section */

/* Begin PBXShellScriptBuildPhase section */
		4DA71BB6D9FEDE12547E637E /* [CP] Check Pods Manifest.lock */ = {
			isa = PBXShellScriptBuildPhase;
			buildActionMask = 2147483647;
			files = (
			);
			inputFileListPaths = (
			);
			inputPaths = (
				"${PODS_PODFILE_DIR_PATH}/Podfile.lock",
				"${PODS_ROOT}/Manifest.lock",
			);
			name = "[CP] Check Pods Manifest.lock";
			outputFileListPaths = (
			);
			outputPaths = (
				"$(DERIVED_FILE_DIR)/Pods-BWT-checkManifestLockResult.txt",
			);
			runOnlyForDeploymentPostprocessing = 0;
			shellPath = /bin/sh;
			shellScript = "diff \"${PODS_PODFILE_DIR_PATH}/Podfile.lock\" \"${PODS_ROOT}/Manifest.lock\" > /dev/null\nif [ $? != 0 ] ; then\n    # print error to STDERR\n    echo \"error: The sandbox is not in sync with the Podfile.lock. Run 'pod install' or update your CocoaPods installation.\" >&2\n    exit 1\nfi\n# This output is used by Xcode 'outputs' to avoid re-running this script phase.\necho \"SUCCESS\" > \"${SCRIPT_OUTPUT_FILE_0}\"\n";
			showEnvVarsInLog = 0;
		};
/* End PBXShellScriptBuildPhase section */

/* Begin PBXSourcesBuildPhase section */
		14401FE323517C0C0043A025 /* Sources */ = {
			isa = PBXSourcesBuildPhase;
			buildActionMask = 2147483647;
			files = (
				1440202523517E410043A025 /* BWTNavigationController.m in Sources */,
				1440202223517E280043A025 /* BWTTabBarController.m in Sources */,
				14401FEC23517C0C0043A025 /* AppDelegate.m in Sources */,
				1440202823518E320043A025 /* HomeVC.m in Sources */,
				14401FFD23517C0F0043A025 /* main.m in Sources */,
			);
			runOnlyForDeploymentPostprocessing = 0;
		};
		14401FFE23517C100043A025 /* Sources */ = {
			isa = PBXSourcesBuildPhase;
			buildActionMask = 2147483647;
			files = (
				1440200723517C100043A025 /* BWTTests.m in Sources */,
			);
			runOnlyForDeploymentPostprocessing = 0;
		};
		1440200923517C100043A025 /* Sources */ = {
			isa = PBXSourcesBuildPhase;
			buildActionMask = 2147483647;
			files = (
				1440201223517C100043A025 /* BWTUITests.m in Sources */,
			);
			runOnlyForDeploymentPostprocessing = 0;
		};
/* End PBXSourcesBuildPhase section */

/* Begin PBXTargetDependency section */
		1440200423517C100043A025 /* PBXTargetDependency */ = {
			isa = PBXTargetDependency;
			target = 14401FE623517C0C0043A025 /* BWT */;
			targetProxy = 1440200323517C100043A025 /* PBXContainerItemProxy */;
		};
		1440200F23517C100043A025 /* PBXTargetDependency */ = {
			isa = PBXTargetDependency;
			target = 14401FE623517C0C0043A025 /* BWT */;
			targetProxy = 1440200E23517C100043A025 /* PBXContainerItemProxy */;
		};
/* End PBXTargetDependency section */

/* Begin PBXVariantGroup section */
		14401FF323517C0C0043A025 /* Main.storyboard */ = {
			isa = PBXVariantGroup;
			children = (
				14401FF423517C0C0043A025 /* Base */,
			);
			name = Main.storyboard;
			sourceTree = "<group>";
		};
		14401FF823517C0F0043A025 /* LaunchScreen.storyboard */ = {
			isa = PBXVariantGroup;
			children = (
				14401FF923517C0F0043A025 /* Base */,
			);
			name = LaunchScreen.storyboard;
			sourceTree = "<group>";
		};
/* End PBXVariantGroup section */

/* Begin XCBuildConfiguration section */
		1440201423517C100043A025 /* Debug */ = {
			isa = XCBuildConfiguration;
			buildSettings = {
				ALWAYS_SEARCH_USER_PATHS = NO;
				CLANG_ANALYZER_NONNULL = YES;
				CLANG_ANALYZER_NUMBER_OBJECT_CONVERSION = YES_AGGRESSIVE;
				CLANG_CXX_LANGUAGE_STANDARD = "gnu++14";
				CLANG_CXX_LIBRARY = "libc++";
				CLANG_ENABLE_MODULES = YES;
				CLANG_ENABLE_OBJC_ARC = YES;
				CLANG_ENABLE_OBJC_WEAK = YES;
				CLANG_WARN_BLOCK_CAPTURE_AUTORELEASING = YES;
				CLANG_WARN_BOOL_CONVERSION = YES;
				CLANG_WARN_COMMA = YES;
				CLANG_WARN_CONSTANT_CONVERSION = YES;
				CLANG_WARN_DEPRECATED_OBJC_IMPLEMENTATIONS = YES;
				CLANG_WARN_DIRECT_OBJC_ISA_USAGE = YES_ERROR;
				CLANG_WARN_DOCUMENTATION_COMMENTS = YES;
				CLANG_WARN_EMPTY_BODY = YES;
				CLANG_WARN_ENUM_CONVERSION = YES;
				CLANG_WARN_INFINITE_RECURSION = YES;
				CLANG_WARN_INT_CONVERSION = YES;
				CLANG_WARN_NON_LITERAL_NULL_CONVERSION = YES;
				CLANG_WARN_OBJC_IMPLICIT_RETAIN_SELF = YES;
				CLANG_WARN_OBJC_LITERAL_CONVERSION = YES;
				CLANG_WARN_OBJC_ROOT_CLASS = YES_ERROR;
				CLANG_WARN_RANGE_LOOP_ANALYSIS = YES;
				CLANG_WARN_STRICT_PROTOTYPES = YES;
				CLANG_WARN_SUSPICIOUS_MOVE = YES;
				CLANG_WARN_UNGUARDED_AVAILABILITY = YES_AGGRESSIVE;
				CLANG_WARN_UNREACHABLE_CODE = YES;
				CLANG_WARN__DUPLICATE_METHOD_MATCH = YES;
				COPY_PHASE_STRIP = NO;
				DEBUG_INFORMATION_FORMAT = dwarf;
				ENABLE_STRICT_OBJC_MSGSEND = YES;
				ENABLE_TESTABILITY = YES;
				GCC_C_LANGUAGE_STANDARD = gnu11;
				GCC_DYNAMIC_NO_PIC = NO;
				GCC_NO_COMMON_BLOCKS = YES;
				GCC_OPTIMIZATION_LEVEL = 0;
				GCC_PREPROCESSOR_DEFINITIONS = (
					"DEBUG=1",
					"$(inherited)",
				);
				GCC_WARN_64_TO_32_BIT_CONVERSION = YES;
				GCC_WARN_ABOUT_RETURN_TYPE = YES_ERROR;
				GCC_WARN_UNDECLARED_SELECTOR = YES;
				GCC_WARN_UNINITIALIZED_AUTOS = YES_AGGRESSIVE;
				GCC_WARN_UNUSED_FUNCTION = YES;
				GCC_WARN_UNUSED_VARIABLE = YES;
				IPHONEOS_DEPLOYMENT_TARGET = 10.0;
				MTL_ENABLE_DEBUG_INFO = INCLUDE_SOURCE;
				MTL_FAST_MATH = YES;
				ONLY_ACTIVE_ARCH = YES;
				SDKROOT = iphoneos;
			};
			name = Debug;
		};
		1440201523517C100043A025 /* Release */ = {
			isa = XCBuildConfiguration;
			buildSettings = {
				ALWAYS_SEARCH_USER_PATHS = NO;
				CLANG_ANALYZER_NONNULL = YES;
				CLANG_ANALYZER_NUMBER_OBJECT_CONVERSION = YES_AGGRESSIVE;
				CLANG_CXX_LANGUAGE_STANDARD = "gnu++14";
				CLANG_CXX_LIBRARY = "libc++";
				CLANG_ENABLE_MODULES = YES;
				CLANG_ENABLE_OBJC_ARC = YES;
				CLANG_ENABLE_OBJC_WEAK = YES;
				CLANG_WARN_BLOCK_CAPTURE_AUTORELEASING = YES;
				CLANG_WARN_BOOL_CONVERSION = YES;
				CLANG_WARN_COMMA = YES;
				CLANG_WARN_CONSTANT_CONVERSION = YES;
				CLANG_WARN_DEPRECATED_OBJC_IMPLEMENTATIONS = YES;
				CLANG_WARN_DIRECT_OBJC_ISA_USAGE = YES_ERROR;
				CLANG_WARN_DOCUMENTATION_COMMENTS = YES;
				CLANG_WARN_EMPTY_BODY = YES;
				CLANG_WARN_ENUM_CONVERSION = YES;
				CLANG_WARN_INFINITE_RECURSION = YES;
				CLANG_WARN_INT_CONVERSION = YES;
				CLANG_WARN_NON_LITERAL_NULL_CONVERSION = YES;
				CLANG_WARN_OBJC_IMPLICIT_RETAIN_SELF = YES;
				CLANG_WARN_OBJC_LITERAL_CONVERSION = YES;
				CLANG_WARN_OBJC_ROOT_CLASS = YES_ERROR;
				CLANG_WARN_RANGE_LOOP_ANALYSIS = YES;
				CLANG_WARN_STRICT_PROTOTYPES = YES;
				CLANG_WARN_SUSPICIOUS_MOVE = YES;
				CLANG_WARN_UNGUARDED_AVAILABILITY = YES_AGGRESSIVE;
				CLANG_WARN_UNREACHABLE_CODE = YES;
				CLANG_WARN__DUPLICATE_METHOD_MATCH = YES;
				COPY_PHASE_STRIP = NO;
				DEBUG_INFORMATION_FORMAT = "dwarf-with-dsym";
				ENABLE_NS_ASSERTIONS = NO;
				ENABLE_STRICT_OBJC_MSGSEND = YES;
				GCC_C_LANGUAGE_STANDARD = gnu11;
				GCC_NO_COMMON_BLOCKS = YES;
				GCC_WARN_64_TO_32_BIT_CONVERSION = YES;
				GCC_WARN_ABOUT_RETURN_TYPE = YES_ERROR;
				GCC_WARN_UNDECLARED_SELECTOR = YES;
				GCC_WARN_UNINITIALIZED_AUTOS = YES_AGGRESSIVE;
				GCC_WARN_UNUSED_FUNCTION = YES;
				GCC_WARN_UNUSED_VARIABLE = YES;
				IPHONEOS_DEPLOYMENT_TARGET = 10.0;
				MTL_ENABLE_DEBUG_INFO = NO;
				MTL_FAST_MATH = YES;
				SDKROOT = iphoneos;
				VALIDATE_PRODUCT = YES;
			};
			name = Release;
		};
		1440201723517C100043A025 /* Debug */ = {
			isa = XCBuildConfiguration;
			baseConfigurationReference = 7EFA075823AC103B3A0553C2 /* Pods-BWT.debug.xcconfig */;
			buildSettings = {
				ASSETCATALOG_COMPILER_APPICON_NAME = AppIcon;
				CODE_SIGN_STYLE = Automatic;
				DEVELOPMENT_TEAM = 442H39QLZW;
				INFOPLIST_FILE = BWT/Info.plist;
				IPHONEOS_DEPLOYMENT_TARGET = 13.1;
				LD_RUNPATH_SEARCH_PATHS = (
					"$(inherited)",
					"@executable_path/Frameworks",
				);
				PRODUCT_BUNDLE_IDENTIFIER = com.fugui.uniquestore;
				PRODUCT_NAME = "别无他店";
				TARGETED_DEVICE_FAMILY = 1;
			};
			name = Debug;
		};
		1440201823517C100043A025 /* Release */ = {
			isa = XCBuildConfiguration;
			baseConfigurationReference = 6BDF5E40111B99B732046F16 /* Pods-BWT.release.xcconfig */;
			buildSettings = {
				ASSETCATALOG_COMPILER_APPICON_NAME = AppIcon;
				CODE_SIGN_STYLE = Automatic;
				DEVELOPMENT_TEAM = 442H39QLZW;
				INFOPLIST_FILE = BWT/Info.plist;
				IPHONEOS_DEPLOYMENT_TARGET = 13.1;
				LD_RUNPATH_SEARCH_PATHS = (
					"$(inherited)",
					"@executable_path/Frameworks",
				);
				PRODUCT_BUNDLE_IDENTIFIER = com.fugui.uniquestore;
				PRODUCT_NAME = "别无他店";
				TARGETED_DEVICE_FAMILY = 1;
			};
			name = Release;
		};
		1440201A23517C100043A025 /* Debug */ = {
			isa = XCBuildConfiguration;
			buildSettings = {
				BUNDLE_LOADER = "$(TEST_HOST)";
				CODE_SIGN_STYLE = Automatic;
				DEVELOPMENT_TEAM = 442H39QLZW;
				INFOPLIST_FILE = BWTTests/Info.plist;
				IPHONEOS_DEPLOYMENT_TARGET = 13.1;
				LD_RUNPATH_SEARCH_PATHS = (
					"$(inherited)",
					"@executable_path/Frameworks",
					"@loader_path/Frameworks",
				);
				PRODUCT_BUNDLE_IDENTIFIER = Miridescent.BWTTests;
				PRODUCT_NAME = "$(TARGET_NAME)";
				TARGETED_DEVICE_FAMILY = "1,2";
				TEST_HOST = "$(BUILT_PRODUCTS_DIR)/BWT.app/BWT";
			};
			name = Debug;
		};
		1440201B23517C100043A025 /* Release */ = {
			isa = XCBuildConfiguration;
			buildSettings = {
				BUNDLE_LOADER = "$(TEST_HOST)";
				CODE_SIGN_STYLE = Automatic;
				DEVELOPMENT_TEAM = 442H39QLZW;
				INFOPLIST_FILE = BWTTests/Info.plist;
				IPHONEOS_DEPLOYMENT_TARGET = 13.1;
				LD_RUNPATH_SEARCH_PATHS = (
					"$(inherited)",
					"@executable_path/Frameworks",
					"@loader_path/Frameworks",
				);
				PRODUCT_BUNDLE_IDENTIFIER = Miridescent.BWTTests;
				PRODUCT_NAME = "$(TARGET_NAME)";
				TARGETED_DEVICE_FAMILY = "1,2";
				TEST_HOST = "$(BUILT_PRODUCTS_DIR)/BWT.app/BWT";
			};
			name = Release;
		};
		1440201D23517C100043A025 /* Debug */ = {
			isa = XCBuildConfiguration;
			buildSettings = {
				CODE_SIGN_STYLE = Automatic;
				DEVELOPMENT_TEAM = 442H39QLZW;
				INFOPLIST_FILE = BWTUITests/Info.plist;
				LD_RUNPATH_SEARCH_PATHS = (
					"$(inherited)",
					"@executable_path/Frameworks",
					"@loader_path/Frameworks",
				);
				PRODUCT_BUNDLE_IDENTIFIER = Miridescent.BWTUITests;
				PRODUCT_NAME = "$(TARGET_NAME)";
				TARGETED_DEVICE_FAMILY = "1,2";
				TEST_TARGET_NAME = BWT;
			};
			name = Debug;
		};
		1440201E23517C100043A025 /* Release */ = {
			isa = XCBuildConfiguration;
			buildSettings = {
				CODE_SIGN_STYLE = Automatic;
				DEVELOPMENT_TEAM = 442H39QLZW;
				INFOPLIST_FILE = BWTUITests/Info.plist;
				LD_RUNPATH_SEARCH_PATHS = (
					"$(inherited)",
					"@executable_path/Frameworks",
					"@loader_path/Frameworks",
				);
				PRODUCT_BUNDLE_IDENTIFIER = Miridescent.BWTUITests;
				PRODUCT_NAME = "$(TARGET_NAME)";
				TARGETED_DEVICE_FAMILY = "1,2";
				TEST_TARGET_NAME = BWT;
			};
			name = Release;
		};
/* End XCBuildConfiguration section */

/* Begin XCConfigurationList section */
		14401FE223517C0C0043A025 /* Build configuration list for PBXProject "BWT" */ = {
			isa = XCConfigurationList;
			buildConfigurations = (
				1440201423517C100043A025 /* Debug */,
				1440201523517C100043A025 /* Release */,
			);
			defaultConfigurationIsVisible = 0;
			defaultConfigurationName = Release;
		};
		1440201623517C100043A025 /* Build configuration list for PBXNativeTarget "BWT" */ = {
			isa = XCConfigurationList;
			buildConfigurations = (
				1440201723517C100043A025 /* Debug */,
				1440201823517C100043A025 /* Release */,
			);
			defaultConfigurationIsVisible = 0;
			defaultConfigurationName = Release;
		};
		1440201923517C100043A025 /* Build configuration list for PBXNativeTarget "BWTTests" */ = {
			isa = XCConfigurationList;
			buildConfigurations = (
				1440201A23517C100043A025 /* Debug */,
				1440201B23517C100043A025 /* Release */,
			);
			defaultConfigurationIsVisible = 0;
			defaultConfigurationName = Release;
		};
		1440201C23517C100043A025 /* Build configuration list for PBXNativeTarget "BWTUITests" */ = {
			isa = XCConfigurationList;
			buildConfigurations = (
				1440201D23517C100043A025 /* Debug */,
				1440201E23517C100043A025 /* Release */,
			);
			defaultConfigurationIsVisible = 0;
			defaultConfigurationName = Release;
		};
/* End XCConfigurationList section */
	};
	rootObject = 14401FDF23517C0C0043A025 /* Project object */;
}
